
Microsoft Visual Studio Solution File, Format Version 12.00
# Visual Studio Version 17
VisualStudioVersion = 17.0.31903.59
MinimumVisualStudioVersion = 10.0.40219.1
Project("{FAE04EC0-301F-11D3-BF4B-00C04F79EFBC}") = "FastCleanAPI", "FastCleanAPI\FastCleanAPI.csproj", "{CC9FD0C1-1AA1-4E8E-A5BB-3E8F274DFB9C}"
EndProject
Global
	GlobalSection(SolutionConfigurationPlatforms) = preSolution
		Debug|Any CPU = Debug|Any CPU
		Release|Any CPU = Release|Any CPU
	EndGlobalSection
	GlobalSection(ProjectConfigurationPlatforms) = postSolution
		{CC9FD0C1-1AA1-4E8E-A5BB-3E8F274DFB9C}.Debug|Any CPU.ActiveCfg = Debug|Any CPU
		{CC9FD0C1-1AA1-4E8E-A5BB-3E8F274DFB9C}.Debug|Any CPU.Build.0 = Debug|Any CPU
		{CC9FD0C1-1AA1-4E8E-A5BB-3E8F274DFB9C}.Release|Any CPU.ActiveCfg = Release|Any CPU
		{CC9FD0C1-1AA1-4E8E-A5BB-3E8F274DFB9C}.Release|Any CPU.Build.0 = Release|Any CPU
	EndGlobalSection
	GlobalSection(SolutionProperties) = preSolution
		HideSolutionNode = FALSE
	EndGlobalSection
	GlobalSection(ExtensibilityGlobals) = postSolution
		SolutionGuid = {76F5389B-8AD3-4222-AE68-604DC57B97EC}
	EndGlobalSection
EndGlobal
